
Microsoft Visual Studio Solution File, Format Version 12.00
# Visual Studio Version 17
VisualStudioVersion = 17.0.31825.309
MinimumVisualStudioVersion = 10.0.40219.1
Project("{FAE04EC0-301F-11D3-BF4B-00C04F79EFBC}") = "Solution", "Solution.csproj", "{4D730AFC-E09D-4FCF-945D-0373A74C34FD}"
EndProject
Global
	GlobalSection(SolutionConfigurationPlatforms) = preSolution
		Debug|Any CPU = Debug|Any CPU
		Release|Any CPU = Release|Any CPU
	EndGlobalSection
	GlobalSection(ProjectConfigurationPlatforms) = postSolution
		{4D730AFC-E09D-4FCF-945D-0373A74C34FD}.Debug|Any CPU.ActiveCfg = Debug|Any CPU
		{4D730AFC-E09D-4FCF-945D-0373A74C34FD}.Debug|Any CPU.Build.0 = Debug|Any CPU
		{4D730AFC-E09D-4FCF-945D-0373A74C34FD}.Release|Any CPU.ActiveCfg = Release|Any CPU
		{4D730AFC-E09D-4FCF-945D-0373A74C34FD}.Release|Any CPU.Build.0 = Release|Any CPU
	EndGlobalSection
	GlobalSection(SolutionProperties) = preSolution
		HideSolutionNode = FALSE
	EndGlobalSection
	GlobalSection(ExtensibilityGlobals) = postSolution
		SolutionGuid = {C3D752E6-C32C-4916-950D-1A97BD7D5A8C}
	EndGlobalSection
EndGlobal
