
Microsoft Visual Studio Solution File, Format Version 12.00
# Visual Studio Version 17
VisualStudioVersion = 17.0.31717.71
MinimumVisualStudioVersion = 10.0.40219.1
Project("{9A19103F-16F7-4668-BE54-9A1E7A4F7556}") = "Hello", "Hello.csproj", "{018E7B8C-8570-4DC5-BEC1-CF42DED50A7D}"
EndProject
Project("{2150E333-8FDC-42A3-9474-1A3956D46DE8}") = "Solution Items", "Solution Items", "{91C86BED-FCFF-49A8-A533-BF6D903B8774}"
	ProjectSection(SolutionItems) = preProject
		.editorconfig = .editorconfig
	EndProjectSection
EndProject
Global
	GlobalSection(SolutionConfigurationPlatforms) = preSolution
		Debug|Any CPU = Debug|Any CPU
		Release|Any CPU = Release|Any CPU
	EndGlobalSection
	GlobalSection(ProjectConfigurationPlatforms) = postSolution
		{018E7B8C-8570-4DC5-BEC1-CF42DED50A7D}.Debug|Any CPU.ActiveCfg = Debug|Any CPU
		{018E7B8C-8570-4DC5-BEC1-CF42DED50A7D}.Debug|Any CPU.Build.0 = Debug|Any CPU
		{018E7B8C-8570-4DC5-BEC1-CF42DED50A7D}.Release|Any CPU.ActiveCfg = Release|Any CPU
		{018E7B8C-8570-4DC5-BEC1-CF42DED50A7D}.Release|Any CPU.Build.0 = Release|Any CPU
	EndGlobalSection
	GlobalSection(SolutionProperties) = preSolution
		HideSolutionNode = FALSE
	EndGlobalSection
	GlobalSection(ExtensibilityGlobals) = postSolution
		SolutionGuid = {7C3D06FA-48CF-45EC-B901-03D778DF8969}
	EndGlobalSection
EndGlobal
