
Microsoft Visual Studio Solution File, Format Version 12.00
# Visual Studio Version 17
VisualStudioVersion = 17.3.32901.215
MinimumVisualStudioVersion = 10.0.40219.1
Project("{FAE04EC0-301F-11D3-BF4B-00C04F79EFBC}") = "Solution", "Solution.csproj", "{DDEBE842-D341-4B5A-8DC9-A5AE8C9AE3A2}"
EndProject
Global
	GlobalSection(SolutionConfigurationPlatforms) = preSolution
		Debug|Any CPU = Debug|Any CPU
		Release|Any CPU = Release|Any CPU
	EndGlobalSection
	GlobalSection(ProjectConfigurationPlatforms) = postSolution
		{DDEBE842-D341-4B5A-8DC9-A5AE8C9AE3A2}.Debug|Any CPU.ActiveCfg = Debug|Any CPU
		{DDEBE842-D341-4B5A-8DC9-A5AE8C9AE3A2}.Debug|Any CPU.Build.0 = Debug|Any CPU
		{DDEBE842-D341-4B5A-8DC9-A5AE8C9AE3A2}.Release|Any CPU.ActiveCfg = Release|Any CPU
		{DDEBE842-D341-4B5A-8DC9-A5AE8C9AE3A2}.Release|Any CPU.Build.0 = Release|Any CPU
	EndGlobalSection
	GlobalSection(SolutionProperties) = preSolution
		HideSolutionNode = FALSE
	EndGlobalSection
	GlobalSection(ExtensibilityGlobals) = postSolution
		SolutionGuid = {4A220D96-D384-4858-B911-64366E3CA3A5}
	EndGlobalSection
EndGlobal
